
Microsoft Visual Studio Solution File, Format Version 12.00
# Visual Studio Version 16
VisualStudioVersion = 16.0.30611.23
MinimumVisualStudioVersion = 10.0.40219.1
Project("{FAE04EC0-301F-11D3-BF4B-00C04F79EFBC}") = "M2.2_FaseIII", "M2.2_FaseIII\M2.2_FaseIII.csproj", "{7677FF80-7648-4FD4-840F-FC3459D5ADA8}"
EndProject
Global
	GlobalSection(SolutionConfigurationPlatforms) = preSolution
		Debug|Any CPU = Debug|Any CPU
		Release|Any CPU = Release|Any CPU
	EndGlobalSection
	GlobalSection(ProjectConfigurationPlatforms) = postSolution
		{7677FF80-7648-4FD4-840F-FC3459D5ADA8}.Debug|Any CPU.ActiveCfg = Debug|Any CPU
		{7677FF80-7648-4FD4-840F-FC3459D5ADA8}.Debug|Any CPU.Build.0 = Debug|Any CPU
		{7677FF80-7648-4FD4-840F-FC3459D5ADA8}.Release|Any CPU.ActiveCfg = Release|Any CPU
		{7677FF80-7648-4FD4-840F-FC3459D5ADA8}.Release|Any CPU.Build.0 = Release|Any CPU
	EndGlobalSection
	GlobalSection(SolutionProperties) = preSolution
		HideSolutionNode = FALSE
	EndGlobalSection
	GlobalSection(ExtensibilityGlobals) = postSolution
		SolutionGuid = {F71733B2-F3FB-4B66-A12E-807F36E2C9A9}
	EndGlobalSection
EndGlobal
